
Microsoft Visual Studio Solution File, Format Version 12.00
# Visual Studio Version 16
VisualStudioVersion = 16.0.30717.126
MinimumVisualStudioVersion = 10.0.40219.1
Project("{FAE04EC0-301F-11D3-BF4B-00C04F79EFBC}") = "MechaDefense", "MechaDefense.csproj", "{2523922C-8ADA-496B-ADB4-E9E10956E9EC}"
EndProject
Global
	GlobalSection(SolutionConfigurationPlatforms) = preSolution
		Debug|Any CPU = Debug|Any CPU
		Release|Any CPU = Release|Any CPU
	EndGlobalSection
	GlobalSection(ProjectConfigurationPlatforms) = postSolution
		{2523922C-8ADA-496B-ADB4-E9E10956E9EC}.Debug|Any CPU.ActiveCfg = Debug|Any CPU
		{2523922C-8ADA-496B-ADB4-E9E10956E9EC}.Debug|Any CPU.Build.0 = Debug|Any CPU
		{2523922C-8ADA-496B-ADB4-E9E10956E9EC}.Release|Any CPU.ActiveCfg = Release|Any CPU
		{2523922C-8ADA-496B-ADB4-E9E10956E9EC}.Release|Any CPU.Build.0 = Release|Any CPU
	EndGlobalSection
	GlobalSection(SolutionProperties) = preSolution
		HideSolutionNode = FALSE
	EndGlobalSection
	GlobalSection(ExtensibilityGlobals) = postSolution
		SolutionGuid = {21881A50-7E56-4288-B750-EF42B366DC9C}
	EndGlobalSection
EndGlobal
